
Microsoft Visual Studio Solution File, Format Version 12.00
# Visual Studio Version 17
VisualStudioVersion = 17.12.35527.113
MinimumVisualStudioVersion = 10.0.40219.1
Project("{2150E333-8FDC-42A3-9474-1A3956D46DE8}") = "src", "src", "{769EA20F-D058-40C2-A0B5-8FEC567463C0}"
EndProject
Project("{2150E333-8FDC-42A3-9474-1A3956D46DE8}") = "Services", "Services", "{740343AE-DF94-49DA-A549-5F6A363F44DC}"
EndProject
Project("{2150E333-8FDC-42A3-9474-1A3956D46DE8}") = "Solution Items", "Solution Items", "{0B826CA0-5F02-47D9-9330-963E6F154EA5}"
	ProjectSection(SolutionItems) = preProject
		Ports.txt = Ports.txt
	EndProjectSection
EndProject
Project("{2150E333-8FDC-42A3-9474-1A3956D46DE8}") = "CatalogServices", "CatalogServices", "{7A028678-5B14-45E9-8E34-6AB137D22F5C}"
EndProject
Project("{FAE04EC0-301F-11D3-BF4B-00C04F79EFBC}") = "CatalogServices.Api", "src\Services\CatalogServices\CatalogServices.Api\CatalogServices.Api.csproj", "{56416D3B-6A55-414D-A4DE-AF80CFD47877}"
EndProject
Project("{2150E333-8FDC-42A3-9474-1A3956D46DE8}") = "Shared", "Shared", "{F5018774-8124-420C-8D90-0147C6A75B4E}"
EndProject
Project("{FAE04EC0-301F-11D3-BF4B-00C04F79EFBC}") = "CategoryService.Shared", "Shared\Category.Shared\CategoryService.Shared.csproj", "{D3DD6B47-57BC-4680-B908-59F52A8B3F7E}"
EndProject
Project("{FAE04EC0-301F-11D3-BF4B-00C04F79EFBC}") = "CatalogService.Domain", "src\Services\CatalogServices\CatalogService.Domain\CatalogService.Domain.csproj", "{E3C6C10A-5AE3-4554-BA29-C67AD879DFAC}"
EndProject
Project("{FAE04EC0-301F-11D3-BF4B-00C04F79EFBC}") = "CatalogService.Application", "src\Services\CatalogServices\CatalogService.Application\CatalogService.Application.csproj", "{FBE1C74E-5152-4A73-BE00-5BE31FDAF50C}"
EndProject
Project("{FAE04EC0-301F-11D3-BF4B-00C04F79EFBC}") = "CatalogService.Infrastructure", "src\Services\CatalogServices\CatalogService.Infrastructure\CatalogService.Infrastructure.csproj", "{6C6E88DB-AE08-4254-8326-4299DAE2B6A4}"
EndProject
Project("{2150E333-8FDC-42A3-9474-1A3956D46DE8}") = "IdentityServerService", "IdentityServerService", "{D3C466AE-FACF-441E-B6CA-2E2A327A8EF6}"
EndProject
Project("{FAE04EC0-301F-11D3-BF4B-00C04F79EFBC}") = "IdentityServerService.Api", "src\Services\IdentityServerService\IdentityServerService.Api\IdentityServerService.Api.csproj", "{4DEE978F-0323-4E60-9696-48CCB140E4D1}"
EndProject
Project("{2150E333-8FDC-42A3-9474-1A3956D46DE8}") = "PhotoStockService", "PhotoStockService", "{55A18CA2-C710-4465-A023-AFC24F1336B5}"
EndProject
Project("{FAE04EC0-301F-11D3-BF4B-00C04F79EFBC}") = "PhotoStockService.Api", "src\Services\PhotoStockService\PhotoStockService.Api\PhotoStockService.Api.csproj", "{ADB28349-1AD0-45BD-9460-BE99DBA2C831}"
EndProject
Project("{2150E333-8FDC-42A3-9474-1A3956D46DE8}") = "BasketService", "BasketService", "{92D1B3F4-0914-4577-9EF3-D00B8671EE22}"
EndProject
Project("{FAE04EC0-301F-11D3-BF4B-00C04F79EFBC}") = "BasketService.Api", "src\Services\BasketService\BasketService.Api\BasketService.Api.csproj", "{0A81D3B5-6865-4ABE-BC90-E02435488DFD}"
EndProject
Project("{FAE04EC0-301F-11D3-BF4B-00C04F79EFBC}") = "BasketService.Application", "src\Services\BasketService\BasketService.Application\BasketService.Application.csproj", "{C2F3A3BB-11D3-46B6-A0C7-B33C9849A1BD}"
EndProject
Project("{FAE04EC0-301F-11D3-BF4B-00C04F79EFBC}") = "BasketService.Infrastructure", "src\Services\BasketService\BasketService.Infrastructure\BasketService.Infrastructure.csproj", "{AD823F01-0C17-4D40-B37B-B8A029CE98D1}"
EndProject
Project("{2150E333-8FDC-42A3-9474-1A3956D46DE8}") = "DiscountService", "DiscountService", "{63BECA3B-A1B5-4BE9-9C73-346350338BEF}"
EndProject
Project("{FAE04EC0-301F-11D3-BF4B-00C04F79EFBC}") = "DiscountService.Api", "src\Services\DiscountService\DiscountService.Api\DiscountService.Api.csproj", "{5BE4B808-CB78-43BB-8189-4BAE5D93DCF5}"
EndProject
Project("{2150E333-8FDC-42A3-9474-1A3956D46DE8}") = "OrderService", "OrderService", "{53400DC5-048F-46D6-8531-CC4A29E8DF2F}"
EndProject
Project("{FAE04EC0-301F-11D3-BF4B-00C04F79EFBC}") = "OrderService.Api", "src\Services\OrderService\OrderService.Api\OrderService.Api.csproj", "{DB4EEECB-0797-4C60-ADA1-0DBB57A340FE}"
EndProject
Project("{FAE04EC0-301F-11D3-BF4B-00C04F79EFBC}") = "OrderService.Domain", "src\Services\OrderService\OrderService.Domain\OrderService.Domain.csproj", "{BA9D7E42-4C3A-424A-BF06-16A4EADCB33C}"
EndProject
Project("{FAE04EC0-301F-11D3-BF4B-00C04F79EFBC}") = "OrderService.Infrastructure", "src\Services\OrderService\OrderService.Infrastructure\OrderService.Infrastructure.csproj", "{5EA7DAC3-0AA6-4434-A067-73E4CE8463AF}"
EndProject
Project("{FAE04EC0-301F-11D3-BF4B-00C04F79EFBC}") = "OrderService.Application", "src\Services\OrderService\OrderService.Application\OrderService.Application.csproj", "{2211655B-F8B1-4A79-BF26-D7C7D1A1A159}"
EndProject
Project("{FAE04EC0-301F-11D3-BF4B-00C04F79EFBC}") = "OrderService.Domain.Core", "src\Services\OrderService\OrderService.Domain.Core\OrderService.Domain.Core.csproj", "{F35F1A5E-E5CB-417B-BA44-B4669E6BB732}"
EndProject
Project("{2150E333-8FDC-42A3-9474-1A3956D46DE8}") = "FakePaymentService", "FakePaymentService", "{45B57566-7E3B-4535-8079-82B3D18F3B9E}"
EndProject
Project("{FAE04EC0-301F-11D3-BF4B-00C04F79EFBC}") = "FakePaymentService.Api", "src\Services\FakePaymentService\FakePaymentService.Api\FakePaymentService.Api.csproj", "{74729F9E-2FD8-4121-A06A-5DFF22354D3F}"
EndProject
Project("{2150E333-8FDC-42A3-9474-1A3956D46DE8}") = "Gateways", "Gateways", "{CD744A8E-432C-4BEE-B4E6-44B134D471A9}"
EndProject
Project("{FAE04EC0-301F-11D3-BF4B-00C04F79EFBC}") = "Gateway.Api", "Gateways\Gateway.Api\Gateway.Api.csproj", "{2CF30E51-7933-48D6-B003-E824E048E29E}"
EndProject
Project("{2150E333-8FDC-42A3-9474-1A3956D46DE8}") = "Clients", "Clients", "{69C494AE-F7C6-4191-A0E6-955436530879}"
EndProject
Project("{FAE04EC0-301F-11D3-BF4B-00C04F79EFBC}") = "MicroService.WebApp", "Clients\MicroService.WebApp\MicroService.WebApp.csproj", "{AAAC7E01-6FD4-49E6-9742-3888FEBC3AAA}"
EndProject
Global
	GlobalSection(SolutionConfigurationPlatforms) = preSolution
		Debug|Any CPU = Debug|Any CPU
		Release|Any CPU = Release|Any CPU
	EndGlobalSection
	GlobalSection(ProjectConfigurationPlatforms) = postSolution
		{56416D3B-6A55-414D-A4DE-AF80CFD47877}.Debug|Any CPU.ActiveCfg = Debug|Any CPU
		{56416D3B-6A55-414D-A4DE-AF80CFD47877}.Debug|Any CPU.Build.0 = Debug|Any CPU
		{56416D3B-6A55-414D-A4DE-AF80CFD47877}.Release|Any CPU.ActiveCfg = Release|Any CPU
		{56416D3B-6A55-414D-A4DE-AF80CFD47877}.Release|Any CPU.Build.0 = Release|Any CPU
		{D3DD6B47-57BC-4680-B908-59F52A8B3F7E}.Debug|Any CPU.ActiveCfg = Debug|Any CPU
		{D3DD6B47-57BC-4680-B908-59F52A8B3F7E}.Debug|Any CPU.Build.0 = Debug|Any CPU
		{D3DD6B47-57BC-4680-B908-59F52A8B3F7E}.Release|Any CPU.ActiveCfg = Release|Any CPU
		{D3DD6B47-57BC-4680-B908-59F52A8B3F7E}.Release|Any CPU.Build.0 = Release|Any CPU
		{E3C6C10A-5AE3-4554-BA29-C67AD879DFAC}.Debug|Any CPU.ActiveCfg = Debug|Any CPU
		{E3C6C10A-5AE3-4554-BA29-C67AD879DFAC}.Debug|Any CPU.Build.0 = Debug|Any CPU
		{E3C6C10A-5AE3-4554-BA29-C67AD879DFAC}.Release|Any CPU.ActiveCfg = Release|Any CPU
		{E3C6C10A-5AE3-4554-BA29-C67AD879DFAC}.Release|Any CPU.Build.0 = Release|Any CPU
		{FBE1C74E-5152-4A73-BE00-5BE31FDAF50C}.Debug|Any CPU.ActiveCfg = Debug|Any CPU
		{FBE1C74E-5152-4A73-BE00-5BE31FDAF50C}.Debug|Any CPU.Build.0 = Debug|Any CPU
		{FBE1C74E-5152-4A73-BE00-5BE31FDAF50C}.Release|Any CPU.ActiveCfg = Release|Any CPU
		{FBE1C74E-5152-4A73-BE00-5BE31FDAF50C}.Release|Any CPU.Build.0 = Release|Any CPU
		{6C6E88DB-AE08-4254-8326-4299DAE2B6A4}.Debug|Any CPU.ActiveCfg = Debug|Any CPU
		{6C6E88DB-AE08-4254-8326-4299DAE2B6A4}.Debug|Any CPU.Build.0 = Debug|Any CPU
		{6C6E88DB-AE08-4254-8326-4299DAE2B6A4}.Release|Any CPU.ActiveCfg = Release|Any CPU
		{6C6E88DB-AE08-4254-8326-4299DAE2B6A4}.Release|Any CPU.Build.0 = Release|Any CPU
		{4DEE978F-0323-4E60-9696-48CCB140E4D1}.Debug|Any CPU.ActiveCfg = Debug|Any CPU
		{4DEE978F-0323-4E60-9696-48CCB140E4D1}.Debug|Any CPU.Build.0 = Debug|Any CPU
		{4DEE978F-0323-4E60-9696-48CCB140E4D1}.Release|Any CPU.ActiveCfg = Release|Any CPU
		{4DEE978F-0323-4E60-9696-48CCB140E4D1}.Release|Any CPU.Build.0 = Release|Any CPU
		{ADB28349-1AD0-45BD-9460-BE99DBA2C831}.Debug|Any CPU.ActiveCfg = Debug|Any CPU
		{ADB28349-1AD0-45BD-9460-BE99DBA2C831}.Debug|Any CPU.Build.0 = Debug|Any CPU
		{ADB28349-1AD0-45BD-9460-BE99DBA2C831}.Release|Any CPU.ActiveCfg = Release|Any CPU
		{ADB28349-1AD0-45BD-9460-BE99DBA2C831}.Release|Any CPU.Build.0 = Release|Any CPU
		{0A81D3B5-6865-4ABE-BC90-E02435488DFD}.Debug|Any CPU.ActiveCfg = Debug|Any CPU
		{0A81D3B5-6865-4ABE-BC90-E02435488DFD}.Debug|Any CPU.Build.0 = Debug|Any CPU
		{0A81D3B5-6865-4ABE-BC90-E02435488DFD}.Release|Any CPU.ActiveCfg = Release|Any CPU
		{0A81D3B5-6865-4ABE-BC90-E02435488DFD}.Release|Any CPU.Build.0 = Release|Any CPU
		{C2F3A3BB-11D3-46B6-A0C7-B33C9849A1BD}.Debug|Any CPU.ActiveCfg = Debug|Any CPU
		{C2F3A3BB-11D3-46B6-A0C7-B33C9849A1BD}.Debug|Any CPU.Build.0 = Debug|Any CPU
		{C2F3A3BB-11D3-46B6-A0C7-B33C9849A1BD}.Release|Any CPU.ActiveCfg = Release|Any CPU
		{C2F3A3BB-11D3-46B6-A0C7-B33C9849A1BD}.Release|Any CPU.Build.0 = Release|Any CPU
		{AD823F01-0C17-4D40-B37B-B8A029CE98D1}.Debug|Any CPU.ActiveCfg = Debug|Any CPU
		{AD823F01-0C17-4D40-B37B-B8A029CE98D1}.Debug|Any CPU.Build.0 = Debug|Any CPU
		{AD823F01-0C17-4D40-B37B-B8A029CE98D1}.Release|Any CPU.ActiveCfg = Release|Any CPU
		{AD823F01-0C17-4D40-B37B-B8A029CE98D1}.Release|Any CPU.Build.0 = Release|Any CPU
		{5BE4B808-CB78-43BB-8189-4BAE5D93DCF5}.Debug|Any CPU.ActiveCfg = Debug|Any CPU
		{5BE4B808-CB78-43BB-8189-4BAE5D93DCF5}.Debug|Any CPU.Build.0 = Debug|Any CPU
		{5BE4B808-CB78-43BB-8189-4BAE5D93DCF5}.Release|Any CPU.ActiveCfg = Release|Any CPU
		{5BE4B808-CB78-43BB-8189-4BAE5D93DCF5}.Release|Any CPU.Build.0 = Release|Any CPU
		{DB4EEECB-0797-4C60-ADA1-0DBB57A340FE}.Debug|Any CPU.ActiveCfg = Debug|Any CPU
		{DB4EEECB-0797-4C60-ADA1-0DBB57A340FE}.Debug|Any CPU.Build.0 = Debug|Any CPU
		{DB4EEECB-0797-4C60-ADA1-0DBB57A340FE}.Release|Any CPU.ActiveCfg = Release|Any CPU
		{DB4EEECB-0797-4C60-ADA1-0DBB57A340FE}.Release|Any CPU.Build.0 = Release|Any CPU
		{BA9D7E42-4C3A-424A-BF06-16A4EADCB33C}.Debug|Any CPU.ActiveCfg = Debug|Any CPU
		{BA9D7E42-4C3A-424A-BF06-16A4EADCB33C}.Debug|Any CPU.Build.0 = Debug|Any CPU
		{BA9D7E42-4C3A-424A-BF06-16A4EADCB33C}.Release|Any CPU.ActiveCfg = Release|Any CPU
		{BA9D7E42-4C3A-424A-BF06-16A4EADCB33C}.Release|Any CPU.Build.0 = Release|Any CPU
		{5EA7DAC3-0AA6-4434-A067-73E4CE8463AF}.Debug|Any CPU.ActiveCfg = Debug|Any CPU
		{5EA7DAC3-0AA6-4434-A067-73E4CE8463AF}.Debug|Any CPU.Build.0 = Debug|Any CPU
		{5EA7DAC3-0AA6-4434-A067-73E4CE8463AF}.Release|Any CPU.ActiveCfg = Release|Any CPU
		{5EA7DAC3-0AA6-4434-A067-73E4CE8463AF}.Release|Any CPU.Build.0 = Release|Any CPU
		{2211655B-F8B1-4A79-BF26-D7C7D1A1A159}.Debug|Any CPU.ActiveCfg = Debug|Any CPU
		{2211655B-F8B1-4A79-BF26-D7C7D1A1A159}.Debug|Any CPU.Build.0 = Debug|Any CPU
		{2211655B-F8B1-4A79-BF26-D7C7D1A1A159}.Release|Any CPU.ActiveCfg = Release|Any CPU
		{2211655B-F8B1-4A79-BF26-D7C7D1A1A159}.Release|Any CPU.Build.0 = Release|Any CPU
		{F35F1A5E-E5CB-417B-BA44-B4669E6BB732}.Debug|Any CPU.ActiveCfg = Debug|Any CPU
		{F35F1A5E-E5CB-417B-BA44-B4669E6BB732}.Debug|Any CPU.Build.0 = Debug|Any CPU
		{F35F1A5E-E5CB-417B-BA44-B4669E6BB732}.Release|Any CPU.ActiveCfg = Release|Any CPU
		{F35F1A5E-E5CB-417B-BA44-B4669E6BB732}.Release|Any CPU.Build.0 = Release|Any CPU
		{74729F9E-2FD8-4121-A06A-5DFF22354D3F}.Debug|Any CPU.ActiveCfg = Debug|Any CPU
		{74729F9E-2FD8-4121-A06A-5DFF22354D3F}.Debug|Any CPU.Build.0 = Debug|Any CPU
		{74729F9E-2FD8-4121-A06A-5DFF22354D3F}.Release|Any CPU.ActiveCfg = Release|Any CPU
		{74729F9E-2FD8-4121-A06A-5DFF22354D3F}.Release|Any CPU.Build.0 = Release|Any CPU
		{2CF30E51-7933-48D6-B003-E824E048E29E}.Debug|Any CPU.ActiveCfg = Debug|Any CPU
		{2CF30E51-7933-48D6-B003-E824E048E29E}.Debug|Any CPU.Build.0 = Debug|Any CPU
		{2CF30E51-7933-48D6-B003-E824E048E29E}.Release|Any CPU.ActiveCfg = Release|Any CPU
		{2CF30E51-7933-48D6-B003-E824E048E29E}.Release|Any CPU.Build.0 = Release|Any CPU
		{AAAC7E01-6FD4-49E6-9742-3888FEBC3AAA}.Debug|Any CPU.ActiveCfg = Debug|Any CPU
		{AAAC7E01-6FD4-49E6-9742-3888FEBC3AAA}.Debug|Any CPU.Build.0 = Debug|Any CPU
		{AAAC7E01-6FD4-49E6-9742-3888FEBC3AAA}.Release|Any CPU.ActiveCfg = Release|Any CPU
		{AAAC7E01-6FD4-49E6-9742-3888FEBC3AAA}.Release|Any CPU.Build.0 = Release|Any CPU
	EndGlobalSection
	GlobalSection(SolutionProperties) = preSolution
		HideSolutionNode = FALSE
	EndGlobalSection
	GlobalSection(NestedProjects) = preSolution
		{740343AE-DF94-49DA-A549-5F6A363F44DC} = {769EA20F-D058-40C2-A0B5-8FEC567463C0}
		{7A028678-5B14-45E9-8E34-6AB137D22F5C} = {740343AE-DF94-49DA-A549-5F6A363F44DC}
		{56416D3B-6A55-414D-A4DE-AF80CFD47877} = {7A028678-5B14-45E9-8E34-6AB137D22F5C}
		{D3DD6B47-57BC-4680-B908-59F52A8B3F7E} = {F5018774-8124-420C-8D90-0147C6A75B4E}
		{E3C6C10A-5AE3-4554-BA29-C67AD879DFAC} = {7A028678-5B14-45E9-8E34-6AB137D22F5C}
		{FBE1C74E-5152-4A73-BE00-5BE31FDAF50C} = {7A028678-5B14-45E9-8E34-6AB137D22F5C}
		{6C6E88DB-AE08-4254-8326-4299DAE2B6A4} = {7A028678-5B14-45E9-8E34-6AB137D22F5C}
		{D3C466AE-FACF-441E-B6CA-2E2A327A8EF6} = {740343AE-DF94-49DA-A549-5F6A363F44DC}
		{4DEE978F-0323-4E60-9696-48CCB140E4D1} = {D3C466AE-FACF-441E-B6CA-2E2A327A8EF6}
		{55A18CA2-C710-4465-A023-AFC24F1336B5} = {740343AE-DF94-49DA-A549-5F6A363F44DC}
		{ADB28349-1AD0-45BD-9460-BE99DBA2C831} = {55A18CA2-C710-4465-A023-AFC24F1336B5}
		{92D1B3F4-0914-4577-9EF3-D00B8671EE22} = {740343AE-DF94-49DA-A549-5F6A363F44DC}
		{0A81D3B5-6865-4ABE-BC90-E02435488DFD} = {92D1B3F4-0914-4577-9EF3-D00B8671EE22}
		{C2F3A3BB-11D3-46B6-A0C7-B33C9849A1BD} = {92D1B3F4-0914-4577-9EF3-D00B8671EE22}
		{AD823F01-0C17-4D40-B37B-B8A029CE98D1} = {92D1B3F4-0914-4577-9EF3-D00B8671EE22}
		{63BECA3B-A1B5-4BE9-9C73-346350338BEF} = {740343AE-DF94-49DA-A549-5F6A363F44DC}
		{5BE4B808-CB78-43BB-8189-4BAE5D93DCF5} = {63BECA3B-A1B5-4BE9-9C73-346350338BEF}
		{53400DC5-048F-46D6-8531-CC4A29E8DF2F} = {740343AE-DF94-49DA-A549-5F6A363F44DC}
		{DB4EEECB-0797-4C60-ADA1-0DBB57A340FE} = {53400DC5-048F-46D6-8531-CC4A29E8DF2F}
		{BA9D7E42-4C3A-424A-BF06-16A4EADCB33C} = {53400DC5-048F-46D6-8531-CC4A29E8DF2F}
		{5EA7DAC3-0AA6-4434-A067-73E4CE8463AF} = {53400DC5-048F-46D6-8531-CC4A29E8DF2F}
		{2211655B-F8B1-4A79-BF26-D7C7D1A1A159} = {53400DC5-048F-46D6-8531-CC4A29E8DF2F}
		{F35F1A5E-E5CB-417B-BA44-B4669E6BB732} = {53400DC5-048F-46D6-8531-CC4A29E8DF2F}
		{45B57566-7E3B-4535-8079-82B3D18F3B9E} = {740343AE-DF94-49DA-A549-5F6A363F44DC}
		{74729F9E-2FD8-4121-A06A-5DFF22354D3F} = {45B57566-7E3B-4535-8079-82B3D18F3B9E}
		{2CF30E51-7933-48D6-B003-E824E048E29E} = {CD744A8E-432C-4BEE-B4E6-44B134D471A9}
		{AAAC7E01-6FD4-49E6-9742-3888FEBC3AAA} = {69C494AE-F7C6-4191-A0E6-955436530879}
	EndGlobalSection
EndGlobal
